
Microsoft Visual Studio Solution File, Format Version 12.00
# Visual Studio Version 16
VisualStudioVersion = 16.0.29806.167
MinimumVisualStudioVersion = 10.0.40219.1
Project("{9A19103F-16F7-4668-BE54-9A1E7A4F7556}") = "SimpleBraintreeGraphQLClient", "SimpleBraintreeGraphQLClient\SimpleBraintreeGraphQLClient.csproj", "{D61D1217-46A4-4ABA-ACC6-F5D1CE0BF26C}"
EndProject
Global
	GlobalSection(SolutionConfigurationPlatforms) = preSolution
		Debug|Any CPU = Debug|Any CPU
		Release|Any CPU = Release|Any CPU
	EndGlobalSection
	GlobalSection(ProjectConfigurationPlatforms) = postSolution
		{D61D1217-46A4-4ABA-ACC6-F5D1CE0BF26C}.Debug|Any CPU.ActiveCfg = Debug|Any CPU
		{D61D1217-46A4-4ABA-ACC6-F5D1CE0BF26C}.Debug|Any CPU.Build.0 = Debug|Any CPU
		{D61D1217-46A4-4ABA-ACC6-F5D1CE0BF26C}.Release|Any CPU.ActiveCfg = Release|Any CPU
		{D61D1217-46A4-4ABA-ACC6-F5D1CE0BF26C}.Release|Any CPU.Build.0 = Release|Any CPU
	EndGlobalSection
	GlobalSection(SolutionProperties) = preSolution
		HideSolutionNode = FALSE
	EndGlobalSection
	GlobalSection(ExtensibilityGlobals) = postSolution
		SolutionGuid = {FB173A54-DDA1-47C1-9C56-43A7BC93C0CE}
	EndGlobalSection
EndGlobal
